
Microsoft Visual Studio Solution File, Format Version 12.00
# Visual Studio 15
VisualStudioVersion = 15.0.27428.2011
MinimumVisualStudioVersion = 10.0.40219.1
Project("{9A19103F-16F7-4668-BE54-9A1E7A4F7556}") = "Blogs.Web", "Blogs.Web\Blogs.Web.csproj", "{B078C542-FC53-4270-9E70-3545A19ACE74}"
EndProject
Project("{9A19103F-16F7-4668-BE54-9A1E7A4F7556}") = "Blogs.Model", "Blogs.Model\Blogs.Model.csproj", "{18BE5BEF-96AC-4183-BF8E-D7421A9B1DDD}"
EndProject
Global
	GlobalSection(SolutionConfigurationPlatforms) = preSolution
		Debug|Any CPU = Debug|Any CPU
		Release|Any CPU = Release|Any CPU
	EndGlobalSection
	GlobalSection(ProjectConfigurationPlatforms) = postSolution
		{B078C542-FC53-4270-9E70-3545A19ACE74}.Debug|Any CPU.ActiveCfg = Debug|Any CPU
		{B078C542-FC53-4270-9E70-3545A19ACE74}.Debug|Any CPU.Build.0 = Debug|Any CPU
		{B078C542-FC53-4270-9E70-3545A19ACE74}.Release|Any CPU.ActiveCfg = Release|Any CPU
		{B078C542-FC53-4270-9E70-3545A19ACE74}.Release|Any CPU.Build.0 = Release|Any CPU
		{18BE5BEF-96AC-4183-BF8E-D7421A9B1DDD}.Debug|Any CPU.ActiveCfg = Debug|Any CPU
		{18BE5BEF-96AC-4183-BF8E-D7421A9B1DDD}.Debug|Any CPU.Build.0 = Debug|Any CPU
		{18BE5BEF-96AC-4183-BF8E-D7421A9B1DDD}.Release|Any CPU.ActiveCfg = Release|Any CPU
		{18BE5BEF-96AC-4183-BF8E-D7421A9B1DDD}.Release|Any CPU.Build.0 = Release|Any CPU
	EndGlobalSection
	GlobalSection(SolutionProperties) = preSolution
		HideSolutionNode = FALSE
	EndGlobalSection
	GlobalSection(ExtensibilityGlobals) = postSolution
		SolutionGuid = {7B6263AB-A7A8-4CAE-AA01-E57507B7EB12}
	EndGlobalSection
EndGlobal
